// !$*UTF8*$!
{
	archiveVersion = 1;
	classes = {
	};
	objectVersion = 46;
	objects = {

/* Begin PBXBuildFile section */
		87DABE131EEFB7C200B80ED8 /* GameKit.framework in Frameworks */ = {isa = PBXBuildFile; fileRef = 87DABE121EEFB7C200B80ED8 /* GameKit.framework */; };
		87ED6D221EEF06B2004B9526 /* AppDelegate.swift in Sources */ = {isa = PBXBuildFile; fileRef = 87ED6D211EEF06B2004B9526 /* AppDelegate.swift */; };
		87ED6D241EEF06B2004B9526 /* ViewController.swift in Sources */ = {isa = PBXBuildFile; fileRef = 87ED6D231EEF06B2004B9526 /* ViewController.swift */; };
		87ED6D271EEF06B2004B9526 /* Main.storyboard in Resources */ = {isa = PBXBuildFile; fileRef = 87ED6D251EEF06B2004B9526 /* Main.storyboard */; };
		87ED6D291EEF06B2004B9526 /* Assets.xcassets in Resources */ = {isa = PBXBuildFile; fileRef = 87ED6D281EEF06B2004B9526 /* Assets.xcassets */; };
		87ED6D2C1EEF06B2004B9526 /* LaunchScreen.storyboard in Resources */ = {isa = PBXBuildFile; fileRef = 87ED6D2A1EEF06B2004B9526 /* LaunchScreen.storyboard */; };
/* End PBXBuildFile section */

/* Begin PBXFileReference section */
		87DABE121EEFB7C200B80ED8 /* GameKit.framework */ = {isa = PBXFileReference; lastKnownFileType = wrapper.framework; name = GameKit.framework; path = System/Library/Frameworks/GameKit.framework; sourceTree = SDKROOT; };
		87ED6D1E1EEF06B2004B9526 /* ImageView.app */ = {isa = PBXFileReference; explicitFileType = wrapper.application; includeInIndex = 0; path = ImageView.app; sourceTree = BUILT_PRODUCTS_DIR; };
		87ED6D211EEF06B2004B9526 /* AppDelegate.swift */ = {isa = PBXFileReference; lastKnownFileType = sourcecode.swift; path = AppDelegate.swift; sourceTree = "<group>"; };
		87ED6D231EEF06B2004B9526 /* ViewController.swift */ = {isa = PBXFileReference; lastKnownFileType = sourcecode.swift; path = ViewController.swift; sourceTree = "<group>"; };
		87ED6D261EEF06B2004B9526 /* Base */ = {isa = PBXFileReference; lastKnownFileType = file.storyboard; name = Base; path = Base.lproj/Main.storyboard; sourceTree = "<group>"; };
		87ED6D281EEF06B2004B9526 /* Assets.xcassets */ = {isa = PBXFileReference; lastKnownFileType = folder.assetcatalog; path = Assets.xcassets; sourceTree = "<group>"; };
		87ED6D2B1EEF06B2004B9526 /* Base */ = {isa = PBXFileReference; lastKnownFileType = file.storyboard; name = Base; path = Base.lproj/LaunchScreen.storyboard; sourceTree = "<group>"; };
		87ED6D2D1EEF06B2004B9526 /* Info.plist */ = {isa = PBXFileReference; lastKnownFileType = text.plist.xml; path = Info.plist; sourceTree = "<group>"; };
/* End PBXFileReference section */

/* Begin PBXFrameworksBuildPhase section */
		87ED6D1B1EEF06B2004B9526 /* Frameworks */ = {
			isa = PBXFrameworksBuildPhase;
			buildActionMask = 2147483647;
			files = (
				87DABE131EEFB7C200B80ED8 /* GameKit.framework in Frameworks */,
			);
			runOnlyForDeploymentPostprocessing = 0;
		};
/* End PBXFrameworksBuildPhase section */

/* Begin PBXGroup section */
		87DABE111EEFB7C200B80ED8 /* Frameworks */ = {
			isa = PBXGroup;
			children = (
				87DABE121EEFB7C200B80ED8 /* GameKit.framework */,
			);
			name = Frameworks;
			sourceTree = "<group>";
		};
		87ED6D151EEF06B2004B9526 = {
			isa = PBXGroup;
			children = (
				87ED6D201EEF06B2004B9526 /* ImageView */,
				87ED6D1F1EEF06B2004B9526 /* Products */,
				87DABE111EEFB7C200B80ED8 /* Frameworks */,
			);
			sourceTree = "<group>";
		};
		87ED6D1F1EEF06B2004B9526 /* Products */ = {
			isa = PBXGroup;
			children = (
				87ED6D1E1EEF06B2004B9526 /* ImageView.app */,
			);
			name = Products;
			sourceTree = "<group>";
		};
		87ED6D201EEF06B2004B9526 /* ImageView */ = {
			isa = PBXGroup;
			children = (
				87ED6D211EEF06B2004B9526 /* AppDelegate.swift */,
				87ED6D231EEF06B2004B9526 /* ViewController.swift */,
				87ED6D251EEF06B2004B9526 /* Main.storyboard */,
				87ED6D281EEF06B2004B9526 /* Assets.xcassets */,
				87ED6D2A1EEF06B2004B9526 /* LaunchScreen.storyboard */,
				87ED6D2D1EEF06B2004B9526 /* Info.plist */,
			);
			path = ImageView;
			sourceTree = "<group>";
		};
/* End PBXGroup section */

/* Begin PBXNativeTarget section */
		87ED6D1D1EEF06B2004B9526 /* ImageView */ = {
			isa = PBXNativeTarget;
			buildConfigurationList = 87ED6D301EEF06B2004B9526 /* Build configuration list for PBXNativeTarget "ImageView" */;
			buildPhases = (
				87ED6D1A1EEF06B2004B9526 /* Sources */,
				87ED6D1B1EEF06B2004B9526 /* Frameworks */,
				87ED6D1C1EEF06B2004B9526 /* Resources */,
			);
			buildRules = (
			);
			dependencies = (
			);
			name = ImageView;
			productName = ImageView;
			productReference = 87ED6D1E1EEF06B2004B9526 /* ImageView.app */;
			productType = "com.apple.product-type.application";
		};
/* End PBXNativeTarget section */

/* Begin PBXProject section */
		87ED6D161EEF06B2004B9526 /* Project object */ = {
			isa = PBXProject;
			attributes = {
				LastSwiftUpdateCheck = 0830;
				LastUpgradeCheck = 0830;
				ORGANIZATIONNAME = "Luke Lim";
				TargetAttributes = {
					87ED6D1D1EEF06B2004B9526 = {
						CreatedOnToolsVersion = 8.3.3;
						DevelopmentTeam = QUA3M33FMW;
						ProvisioningStyle = Automatic;
						SystemCapabilities = {
							com.apple.GameCenter = {
								enabled = 1;
							};
						};
					};
				};
			};
			buildConfigurationList = 87ED6D191EEF06B2004B9526 /* Build configuration list for PBXProject "ImageView" */;
			compatibilityVersion = "Xcode 3.2";
			developmentRegion = English;
			hasScannedForEncodings = 0;
			knownRegions = (
				en,
				Base,
			);
			mainGroup = 87ED6D151EEF06B2004B9526;
			productRefGroup = 87ED6D1F1EEF06B2004B9526 /* Products */;
			projectDirPath = "";
			projectRoot = "";
			targets = (
				87ED6D1D1EEF06B2004B9526 /* ImageView */,
			);
		};
/* End PBXProject section */

/* Begin PBXResourcesBuildPhase section */
		87ED6D1C1EEF06B2004B9526 /* Resources */ = {
			isa = PBXResourcesBuildPhase;
			buildActionMask = 2147483647;
			files = (
				87ED6D2C1EEF06B2004B9526 /* LaunchScreen.storyboard in Resources */,
				87ED6D291EEF06B2004B9526 /* Assets.xcassets in Resources */,
				87ED6D271EEF06B2004B9526 /* Main.storyboard in Resources */,
			);
			runOnlyForDeploymentPostprocessing = 0;
		};
/* End PBXResourcesBuildPhase section */

/* Begin PBXSourcesBuildPhase section */
		87ED6D1A1EEF06B2004B9526 /* Sources */ = {
			isa = PBXSourcesBuildPhase;
			buildActionMask = 2147483647;
			files = (
				87ED6D241EEF06B2004B9526 /* ViewController.swift in Sources */,
				87ED6D221EEF06B2004B9526 /* AppDelegate.swift in Sources */,
			);
			runOnlyForDeploymentPostprocessing = 0;
		};
/* End PBXSourcesBuildPhase section */

/* Begin PBXVariantGroup section */
		87ED6D251EEF06B2004B9526 /* Main.storyboard */ = {
			isa = PBXVariantGroup;
			children = (
				87ED6D261EEF06B2004B9526 /* Base */,
			);
			name = Main.storyboard;
			sourceTree = "<group>";
		};
		87ED6D2A1EEF06B2004B9526 /* LaunchScreen.storyboard */ = {
			isa = PBXVariantGroup;
			children = (
				87ED6D2B1EEF06B2004B9526 /* Base */,
			);
			name = LaunchScreen.storyboard;
			sourceTree = "<group>";
		};
/* End PBXVariantGroup section */

/* Begin XCBuildConfiguration section */
		87ED6D2E1EEF06B2004B9526 /* Debug */ = {
			isa = XCBuildConfiguration;
			buildSettings = {
				ALWAYS_SEARCH_USER_PATHS = NO;
				CLANG_ANALYZER_NONNULL = YES;
				CLANG_ANALYZER_NUMBER_OBJECT_CONVERSION = YES_AGGRESSIVE;
				CLANG_CXX_LANGUAGE_STANDARD = "gnu++0x";
				CLANG_CXX_LIBRARY = "libc++";
				CLANG_ENABLE_MODULES = YES;
				CLANG_ENABLE_OBJC_ARC = YES;
				CLANG_WARN_BOOL_CONVERSION = YES;
				CLANG_WARN_CONSTANT_CONVERSION = YES;
				CLANG_WARN_DIRECT_OBJC_ISA_USAGE = YES_ERROR;
				CLANG_WARN_DOCUMENTATION_COMMENTS = YES;
				CLANG_WARN_EMPTY_BODY = YES;
				CLANG_WARN_ENUM_CONVERSION = YES;
				CLANG_WARN_INFINITE_RECURSION = YES;
				CLANG_WARN_INT_CONVERSION = YES;
				CLANG_WARN_OBJC_ROOT_CLASS = YES_ERROR;
				CLANG_WARN_SUSPICIOUS_MOVE = YES;
				CLANG_WARN_UNREACHABLE_CODE = YES;
				CLANG_WARN__DUPLICATE_METHOD_MATCH = YES;
				"CODE_SIGN_IDENTITY[sdk=iphoneos*]" = "iPhone Developer";
				COPY_PHASE_STRIP = NO;
				DEBUG_INFORMATION_FORMAT = dwarf;
				ENABLE_STRICT_OBJC_MSGSEND = YES;
				ENABLE_TESTABILITY = YES;
				GCC_C_LANGUAGE_STANDARD = gnu99;
				GCC_DYNAMIC_NO_PIC = NO;
				GCC_NO_COMMON_BLOCKS = YES;
				GCC_OPTIMIZATION_LEVEL = 0;
				GCC_PREPROCESSOR_DEFINITIONS = (
					"DEBUG=1",
					"$(inherited)",
				);
				GCC_WARN_64_TO_32_BIT_CONVERSION = YES;
				GCC_WARN_ABOUT_RETURN_TYPE = YES_ERROR;
				GCC_WARN_UNDECLARED_SELECTOR = YES;
				GCC_WARN_UNINITIALIZED_AUTOS = YES_AGGRESSIVE;
				GCC_WARN_UNUSED_FUNCTION = YES;
				GCC_WARN_UNUSED_VARIABLE = YES;
				IPHONEOS_DEPLOYMENT_TARGET = 10.3;
				MTL_ENABLE_DEBUG_INFO = YES;
				ONLY_ACTIVE_ARCH = YES;
				SDKROOT = iphoneos;
				SWIFT_ACTIVE_COMPILATION_CONDITIONS = DEBUG;
				SWIFT_OPTIMIZATION_LEVEL = "-Onone";
				TARGETED_DEVICE_FAMILY = "1,2";
			};
			name = Debug;
		};
		87ED6D2F1EEF06B2004B9526 /* Release */ = {
			isa = XCBuildConfiguration;
			buildSettings = {
				ALWAYS_SEARCH_USER_PATHS = NO;
				CLANG_ANALYZER_NONNULL = YES;
				CLANG_ANALYZER_NUMBER_OBJECT_CONVERSION = YES_AGGRESSIVE;
				CLANG_CXX_LANGUAGE_STANDARD = "gnu++0x";
				CLANG_CXX_LIBRARY = "libc++";
				CLANG_ENABLE_MODULES = YES;
				CLANG_ENABLE_OBJC_ARC = YES;
				CLANG_WARN_BOOL_CONVERSION = YES;
				CLANG_WARN_CONSTANT_CONVERSION = YES;
				CLANG_WARN_DIRECT_OBJC_ISA_USAGE = YES_ERROR;
				CLANG_WARN_DOCUMENTATION_COMMENTS = YES;
				CLANG_WARN_EMPTY_BODY = YES;
				CLANG_WARN_ENUM_CONVERSION = YES;
				CLANG_WARN_INFINITE_RECURSION = YES;
				CLANG_WARN_INT_CONVERSION = YES;
				CLANG_WARN_OBJC_ROOT_CLASS = YES_ERROR;
				CLANG_WARN_SUSPICIOUS_MOVE = YES;
				CLANG_WARN_UNREACHABLE_CODE = YES;
				CLANG_WARN__DUPLICATE_METHOD_MATCH = YES;
				"CODE_SIGN_IDENTITY[sdk=iphoneos*]" = "iPhone Developer";
				COPY_PHASE_STRIP = NO;
				DEBUG_INFORMATION_FORMAT = "dwarf-with-dsym";
				ENABLE_NS_ASSERTIONS = NO;
				ENABLE_STRICT_OBJC_MSGSEND = YES;
				GCC_C_LANGUAGE_STANDARD = gnu99;
				GCC_NO_COMMON_BLOCKS = YES;
				GCC_WARN_64_TO_32_BIT_CONVERSION = YES;
				GCC_WARN_ABOUT_RETURN_TYPE = YES_ERROR;
				GCC_WARN_UNDECLARED_SELECTOR = YES;
				GCC_WARN_UNINITIALIZED_AUTOS = YES_AGGRESSIVE;
				GCC_WARN_UNUSED_FUNCTION = YES;
				GCC_WARN_UNUSED_VARIABLE = YES;
				IPHONEOS_DEPLOYMENT_TARGET = 10.3;
				MTL_ENABLE_DEBUG_INFO = NO;
				SDKROOT = iphoneos;
				SWIFT_OPTIMIZATION_LEVEL = "-Owholemodule";
				TARGETED_DEVICE_FAMILY = "1,2";
				VALIDATE_PRODUCT = YES;
			};
			name = Release;
		};
		87ED6D311EEF06B2004B9526 /* Debug */ = {
			isa = XCBuildConfiguration;
			buildSettings = {
				ASSETCATALOG_COMPILER_APPICON_NAME = AppIcon;
				DEVELOPMENT_TEAM = QUA3M33FMW;
				INFOPLIST_FILE = ImageView/Info.plist;
				LD_RUNPATH_SEARCH_PATHS = "$(inherited) @executable_path/Frameworks";
				PRODUCT_BUNDLE_IDENTIFIER = com.gamearena.ImageView;
				PRODUCT_NAME = "$(TARGET_NAME)";
				SWIFT_VERSION = 3.0;
			};
			name = Debug;
		};
		87ED6D321EEF06B2004B9526 /* Release */ = {
			isa = XCBuildConfiguration;
			buildSettings = {
				ASSETCATALOG_COMPILER_APPICON_NAME = AppIcon;
				DEVELOPMENT_TEAM = QUA3M33FMW;
				INFOPLIST_FILE = ImageView/Info.plist;
				LD_RUNPATH_SEARCH_PATHS = "$(inherited) @executable_path/Frameworks";
				PRODUCT_BUNDLE_IDENTIFIER = com.gamearena.ImageView;
				PRODUCT_NAME = "$(TARGET_NAME)";
				SWIFT_VERSION = 3.0;
			};
			name = Release;
		};
/* End XCBuildConfiguration section */

/* Begin XCConfigurationList section */
		87ED6D191EEF06B2004B9526 /* Build configuration list for PBXProject "ImageView" */ = {
			isa = XCConfigurationList;
			buildConfigurations = (
				87ED6D2E1EEF06B2004B9526 /* Debug */,
				87ED6D2F1EEF06B2004B9526 /* Release */,
			);
			defaultConfigurationIsVisible = 0;
			defaultConfigurationName = Release;
		};
		87ED6D301EEF06B2004B9526 /* Build configuration list for PBXNativeTarget "ImageView" */ = {
			isa = XCConfigurationList;
			buildConfigurations = (
				87ED6D311EEF06B2004B9526 /* Debug */,
				87ED6D321EEF06B2004B9526 /* Release */,
			);
			defaultConfigurationIsVisible = 0;
			defaultConfigurationName = Release;
		};
/* End XCConfigurationList section */
	};
	rootObject = 87ED6D161EEF06B2004B9526 /* Project object */;
}
